
Microsoft Visual Studio Solution File, Format Version 12.00
# Visual Studio 15
VisualStudioVersion = 15.0.28010.2016
MinimumVisualStudioVersion = 10.0.40219.1
Project("{FAE04EC0-301F-11D3-BF4B-00C04F79EFBC}") = "CircleList", "CircleList\CircleList.csproj", "{B1011A56-24DA-4A28-AEF7-A053B8733DD9}"
EndProject
Global
	GlobalSection(SolutionConfigurationPlatforms) = preSolution
		Debug|Any CPU = Debug|Any CPU
		Release|Any CPU = Release|Any CPU
	EndGlobalSection
	GlobalSection(ProjectConfigurationPlatforms) = postSolution
		{B1011A56-24DA-4A28-AEF7-A053B8733DD9}.Debug|Any CPU.ActiveCfg = Debug|Any CPU
		{B1011A56-24DA-4A28-AEF7-A053B8733DD9}.Debug|Any CPU.Build.0 = Debug|Any CPU
		{B1011A56-24DA-4A28-AEF7-A053B8733DD9}.Release|Any CPU.ActiveCfg = Release|Any CPU
		{B1011A56-24DA-4A28-AEF7-A053B8733DD9}.Release|Any CPU.Build.0 = Release|Any CPU
	EndGlobalSection
	GlobalSection(SolutionProperties) = preSolution
		HideSolutionNode = FALSE
	EndGlobalSection
	GlobalSection(ExtensibilityGlobals) = postSolution
		SolutionGuid = {C7C2DEB0-8020-4925-897F-C6B80AC33C21}
	EndGlobalSection
EndGlobal
